{
    "_readme": [
        "This file locks the dependencies of your project to a known state",
        "Read more about it at https://getcomposer.org/doc/01-basic-usage.md#composer-lock-the-lock-file",
        "This file is @generated automatically"
    ],
    "content-hash": "460f78584556c0e17f9513d77aa5aff1",
    "packages": [
        {
            "name": "automattic/woocommerce",
            "version": "1.3.0",
            "source": {
                "type": "git",
                "url": "https://github.com/woocommerce/wc-api-php.git",
                "reference": "6181e20b96e95b2be8639d1e1dce76cc98856339"
            },
            "dist": {
                "type": "zip",
                "url": "https://api.github.com/repos/woocommerce/wc-api-php/zipball/6181e20b96e95b2be8639d1e1dce76cc98856339",
                "reference": "6181e20b96e95b2be8639d1e1dce76cc98856339",
                "shasum": ""
            },
            "require": {
                "ext-curl": "*",
                "ext-json": "*",
                "php": ">= 5.4.0"
            },
            "require-dev": {
                "phpunit/phpunit": "*"
            },
            "type": "library",
            "autoload": {
                "psr-4": {
                    "Automattic\\WooCommerce\\": [
                        "src/WooCommerce"
                    ]
                }
            },
            "notification-url": "https://packagist.org/downloads/",
            "license": [
                "MIT"
            ],
            "authors": [
                {
                    "name": "Claudio Sanches",
                    "email": "claudio.sanches@automattic.com"
                }
            ],
            "description": "A PHP wrapper for the WooCommerce REST API",
            "keywords": [
                "api",
                "woocommerce"
            ],
            "time": "2017-06-06T20:38:08+00:00"
        },
        {
            "name": "calcinai/xero-php",
            "version": "v1.5.0",
            "source": {
                "type": "git",
                "url": "https://github.com/calcinai/xero-php.git",
                "reference": "dc558970f90acaac29667baaf07a8be9be7d2a5a"
            },
            "dist": {
                "type": "zip",
                "url": "https://api.github.com/repos/calcinai/xero-php/zipball/dc558970f90acaac29667baaf07a8be9be7d2a5a",
                "reference": "dc558970f90acaac29667baaf07a8be9be7d2a5a",
                "shasum": ""
            },
            "require": {
                "ext-curl": "*",
                "ext-openssl": "*",
                "php": ">=5.5.0"
            },
            "require-dev": {
                "fabpot/goutte": "~2.0",
                "phpunit/phpunit": "~4.7",
                "twig/twig": "1.16.2"
            },
            "type": "library",
            "autoload": {
                "psr-4": {
                    "XeroPHP\\": "src/XeroPHP/"
                }
            },
            "notification-url": "https://packagist.org/downloads/",
            "license": [
                "MIT"
            ],
            "description": "A client implementation of the Xero API, with a cleaner OAuth interface and ORM-like abstraction.",
            "homepage": "https://github.com/calcinai/xero-php",
            "time": "2017-02-10T20:25:27+00:00"
        },
        {
            "name": "mpdf/mpdf",
            "version": "v7.1.9",
            "source": {
                "type": "git",
                "url": "https://github.com/mpdf/mpdf.git",
                "reference": "a0fc1215d2306aa3b4ba6e97bd6ebe4bab6a88fb"
            },
            "dist": {
                "type": "zip",
                "url": "https://api.github.com/repos/mpdf/mpdf/zipball/a0fc1215d2306aa3b4ba6e97bd6ebe4bab6a88fb",
                "reference": "a0fc1215d2306aa3b4ba6e97bd6ebe4bab6a88fb",
                "shasum": ""
            },
            "require": {
                "ext-gd": "*",
                "ext-mbstring": "*",
                "myclabs/deep-copy": "^1.7",
                "paragonie/random_compat": "^1.4|^2.0|9.99.99",
                "php": "^5.6 || ~7.0.0 || ~7.1.0 || ~7.2.0 || ~7.3.0",
                "psr/log": "^1.0",
                "setasign/fpdi": "1.6.*"
            },
            "require-dev": {
                "mockery/mockery": "^0.9.5",
                "phpunit/phpunit": "^5.0",
                "squizlabs/php_codesniffer": "^2.7.0",
                "tracy/tracy": "^2.4"
            },
            "suggest": {
                "ext-bcmath": "Needed for generation of some types of barcodes",
                "ext-xml": "Needed mainly for SVG manipulation",
                "ext-zlib": "Needed for compression of embedded resources, such as fonts"
            },
            "type": "library",
            "extra": {
                "branch-alias": {
                    "dev-development": "7.x-dev"
                }
            },
            "autoload": {
                "psr-4": {
                    "Mpdf\\": "src/"
                }
            },
            "notification-url": "https://packagist.org/downloads/",
            "license": [
                "GPL-2.0-only"
            ],
            "authors": [
                {
                    "name": "Matěj Humpál",
                    "role": "Developer, maintainer"
                },
                {
                    "name": "Ian Back",
                    "role": "Developer (retired)"
                }
            ],
            "description": "PHP library generating PDF files from UTF-8 encoded HTML",
            "homepage": "https://mpdf.github.io",
            "keywords": [
                "pdf",
                "php",
                "utf-8"
            ],
            "time": "2019-02-06T13:32:19+00:00"
        },
        {
            "name": "myclabs/deep-copy",
            "version": "1.7.0",
            "source": {
                "type": "git",
                "url": "https://github.com/myclabs/DeepCopy.git",
                "reference": "3b8a3a99ba1f6a3952ac2747d989303cbd6b7a3e"
            },
            "dist": {
                "type": "zip",
                "url": "https://api.github.com/repos/myclabs/DeepCopy/zipball/3b8a3a99ba1f6a3952ac2747d989303cbd6b7a3e",
                "reference": "3b8a3a99ba1f6a3952ac2747d989303cbd6b7a3e",
                "shasum": ""
            },
            "require": {
                "php": "^5.6 || ^7.0"
            },
            "require-dev": {
                "doctrine/collections": "^1.0",
                "doctrine/common": "^2.6",
                "phpunit/phpunit": "^4.1"
            },
            "type": "library",
            "autoload": {
                "psr-4": {
                    "DeepCopy\\": "src/DeepCopy/"
                },
                "files": [
                    "src/DeepCopy/deep_copy.php"
                ]
            },
            "notification-url": "https://packagist.org/downloads/",
            "license": [
                "MIT"
            ],
            "description": "Create deep copies (clones) of your objects",
            "keywords": [
                "clone",
                "copy",
                "duplicate",
                "object",
                "object graph"
            ],
            "time": "2017-10-19T19:58:43+00:00"
        },
        {
            "name": "onokumus/metismenu",
            "version": "dev-master",
            "source": {
                "type": "git",
                "url": "https://github.com/onokumus/metismenu.git",
                "reference": "b96b99f6b2f52bdb8789a18a241cf5d681969b6d"
            },
            "dist": {
                "type": "zip",
                "url": "https://api.github.com/repos/onokumus/metismenu/zipball/b96b99f6b2f52bdb8789a18a241cf5d681969b6d",
                "reference": "b96b99f6b2f52bdb8789a18a241cf5d681969b6d",
                "shasum": ""
            },
            "suggest": {
                "components/jquery": ">=1.9"
            },
            "type": "library",
            "notification-url": "https://packagist.org/downloads/",
            "license": [
                "MIT"
            ],
            "authors": [
                {
                    "name": "Osman Nuri Okumus",
                    "email": "onokumus@gmail.com",
                    "homepage": "http://onokumus.com"
                }
            ],
            "description": "A jQuery menu plugin",
            "homepage": "https://github.com/onokumus/metisMenu",
            "keywords": [
                "JS",
                "bootstrap",
                "css",
                "jquery",
                "menu",
                "plugin",
                "web"
            ],
            "time": "2019-03-07 17:42:35"
        },
        {
            "name": "paragonie/random_compat",
            "version": "v2.0.18",
            "source": {
                "type": "git",
                "url": "https://github.com/paragonie/random_compat.git",
                "reference": "0a58ef6e3146256cc3dc7cc393927bcc7d1b72db"
            },
            "dist": {
                "type": "zip",
                "url": "https://api.github.com/repos/paragonie/random_compat/zipball/0a58ef6e3146256cc3dc7cc393927bcc7d1b72db",
                "reference": "0a58ef6e3146256cc3dc7cc393927bcc7d1b72db",
                "shasum": ""
            },
            "require": {
                "php": ">=5.2.0"
            },
            "require-dev": {
                "phpunit/phpunit": "4.*|5.*"
            },
            "suggest": {
                "ext-libsodium": "Provides a modern crypto API that can be used to generate random bytes."
            },
            "type": "library",
            "autoload": {
                "files": [
                    "lib/random.php"
                ]
            },
            "notification-url": "https://packagist.org/downloads/",
            "license": [
                "MIT"
            ],
            "authors": [
                {
                    "name": "Paragon Initiative Enterprises",
                    "email": "security@paragonie.com",
                    "homepage": "https://paragonie.com"
                }
            ],
            "description": "PHP 5.x polyfill for random_bytes() and random_int() from PHP 7",
            "keywords": [
                "csprng",
                "polyfill",
                "pseudorandom",
                "random"
            ],
            "time": "2019-01-03T20:59:08+00:00"
        },
        {
            "name": "phpclassic/php-shopify",
            "version": "v1.0.3",
            "source": {
                "type": "git",
                "url": "https://github.com/phpclassic/php-shopify.git",
                "reference": "d3c7f3bdfed59dd4fdcd005cef80f7bfb5d4a6c3"
            },
            "dist": {
                "type": "zip",
                "url": "https://api.github.com/repos/phpclassic/php-shopify/zipball/d3c7f3bdfed59dd4fdcd005cef80f7bfb5d4a6c3",
                "reference": "d3c7f3bdfed59dd4fdcd005cef80f7bfb5d4a6c3",
                "shasum": ""
            },
            "require": {
                "ext-curl": "*",
                "php": ">=5.6"
            },
            "require-dev": {
                "phpunit/phpunit": "^5.5"
            },
            "type": "library",
            "autoload": {
                "psr-4": {
                    "PHPShopify\\": "lib/"
                }
            },
            "notification-url": "https://packagist.org/downloads/",
            "license": [
                "Apache-2.0"
            ],
            "authors": [
                {
                    "name": "Tareq Mahmood",
                    "email": "tareqtms@yahoo.com"
                }
            ],
            "description": "PHP SDK for Shopify API",
            "homepage": "https://github.com/phpclassic/php-shopify",
            "keywords": [
                "php",
                "sdk",
                "shopify"
            ],
            "time": "2018-08-28T07:56:43+00:00"
        },
        {
            "name": "phpmailer/phpmailer",
            "version": "v5.2.27",
            "source": {
                "type": "git",
                "url": "https://github.com/PHPMailer/PHPMailer.git",
                "reference": "dde1db116511aa4956389d75546c5be4c2beb2a6"
            },
            "dist": {
                "type": "zip",
                "url": "https://api.github.com/repos/PHPMailer/PHPMailer/zipball/dde1db116511aa4956389d75546c5be4c2beb2a6",
                "reference": "dde1db116511aa4956389d75546c5be4c2beb2a6",
                "shasum": ""
            },
            "require": {
                "ext-ctype": "*",
                "php": ">=5.0.0"
            },
            "require-dev": {
                "doctrine/annotations": "1.2.*",
                "jms/serializer": "0.16.*",
                "phpdocumentor/phpdocumentor": "2.*",
                "phpunit/phpunit": "4.8.*",
                "symfony/debug": "2.8.*",
                "symfony/filesystem": "2.8.*",
                "symfony/translation": "2.8.*",
                "symfony/yaml": "2.8.*",
                "zendframework/zend-cache": "2.5.1",
                "zendframework/zend-config": "2.5.1",
                "zendframework/zend-eventmanager": "2.5.1",
                "zendframework/zend-filter": "2.5.1",
                "zendframework/zend-i18n": "2.5.1",
                "zendframework/zend-json": "2.5.1",
                "zendframework/zend-math": "2.5.1",
                "zendframework/zend-serializer": "2.5.*",
                "zendframework/zend-servicemanager": "2.5.*",
                "zendframework/zend-stdlib": "2.5.1"
            },
            "suggest": {
                "league/oauth2-google": "Needed for Google XOAUTH2 authentication"
            },
            "type": "library",
            "autoload": {
                "classmap": [
                    "class.phpmailer.php",
                    "class.phpmaileroauth.php",
                    "class.phpmaileroauthgoogle.php",
                    "class.smtp.php",
                    "class.pop3.php",
                    "extras/EasyPeasyICS.php",
                    "extras/ntlm_sasl_client.php"
                ]
            },
            "notification-url": "https://packagist.org/downloads/",
            "license": [
                "LGPL-2.1"
            ],
            "authors": [
                {
                    "name": "Jim Jagielski",
                    "email": "jimjag@gmail.com"
                },
                {
                    "name": "Marcus Bointon",
                    "email": "phpmailer@synchromedia.co.uk"
                },
                {
                    "name": "Andy Prevost",
                    "email": "codeworxtech@users.sourceforge.net"
                },
                {
                    "name": "Brent R. Matzelle"
                }
            ],
            "description": "PHPMailer is a full-featured email creation and transfer class for PHP",
            "time": "2018-11-15T22:32:31+00:00"
        },
        {
            "name": "picqer/php-barcode-generator",
            "version": "v0.2.2",
            "source": {
                "type": "git",
                "url": "https://github.com/picqer/php-barcode-generator.git",
                "reference": "f754cbd592f3131af144dfcc6a3090fd0f6d1793"
            },
            "dist": {
                "type": "zip",
                "url": "https://api.github.com/repos/picqer/php-barcode-generator/zipball/f754cbd592f3131af144dfcc6a3090fd0f6d1793",
                "reference": "f754cbd592f3131af144dfcc6a3090fd0f6d1793",
                "shasum": ""
            },
            "require": {
                "php": ">=5.4.0"
            },
            "require-dev": {
                "phpunit/phpunit": "^5.3"
            },
            "type": "library",
            "autoload": {
                "psr-4": {
                    "Picqer\\Barcode\\": "src"
                }
            },
            "notification-url": "https://packagist.org/downloads/",
            "license": [
                "LGPLv3"
            ],
            "authors": [
                {
                    "name": "Nicola Asuni",
                    "email": "info@tecnick.com",
                    "homepage": "http://nicolaasuni.tecnick.com"
                },
                {
                    "name": "Casper Bakker",
                    "email": "info@picqer.com"
                }
            ],
            "description": "An easy to use, non-bloated, barcode generator in PHP. Creates SVG, PNG, JPG and HTML images from the most used 1D barcode standards.",
            "homepage": "http://github.com/picqer/php-barcode-generator",
            "keywords": [
                "CODABAR",
                "Code11",
                "Code93",
                "EAN13",
                "KIX",
                "KIXCODE",
                "MSI",
                "POSTNET",
                "Pharma",
                "Standard 2 of 5",
                "barcode",
                "barcode generator",
                "code128",
                "code39",
                "ean",
                "html",
                "jpeg",
                "jpg",
                "php",
                "png",
                "svg",
                "upc"
            ],
            "time": "2017-09-28T19:23:19+00:00"
        },
        {
            "name": "psr/log",
            "version": "1.1.0",
            "source": {
                "type": "git",
                "url": "https://github.com/php-fig/log.git",
                "reference": "6c001f1daafa3a3ac1d8ff69ee4db8e799a654dd"
            },
            "dist": {
                "type": "zip",
                "url": "https://api.github.com/repos/php-fig/log/zipball/6c001f1daafa3a3ac1d8ff69ee4db8e799a654dd",
                "reference": "6c001f1daafa3a3ac1d8ff69ee4db8e799a654dd",
                "shasum": ""
            },
            "require": {
                "php": ">=5.3.0"
            },
            "type": "library",
            "extra": {
                "branch-alias": {
                    "dev-master": "1.0.x-dev"
                }
            },
            "autoload": {
                "psr-4": {
                    "Psr\\Log\\": "Psr/Log/"
                }
            },
            "notification-url": "https://packagist.org/downloads/",
            "license": [
                "MIT"
            ],
            "authors": [
                {
                    "name": "PHP-FIG",
                    "homepage": "http://www.php-fig.org/"
                }
            ],
            "description": "Common interface for logging libraries",
            "homepage": "https://github.com/php-fig/log",
            "keywords": [
                "log",
                "psr",
                "psr-3"
            ],
            "time": "2018-11-20T15:27:04+00:00"
        },
        {
            "name": "setasign/fpdi",
            "version": "1.6.2",
            "source": {
                "type": "git",
                "url": "https://github.com/Setasign/FPDI.git",
                "reference": "a6ad58897a6d97cc2d2cd2adaeda343b25a368ea"
            },
            "dist": {
                "type": "zip",
                "url": "https://api.github.com/repos/Setasign/FPDI/zipball/a6ad58897a6d97cc2d2cd2adaeda343b25a368ea",
                "reference": "a6ad58897a6d97cc2d2cd2adaeda343b25a368ea",
                "shasum": ""
            },
            "suggest": {
                "setasign/fpdf": "FPDI will extend this class but as it is also possible to use \"tecnickcom/tcpdf\" as an alternative there's no fixed dependency configured.",
                "setasign/fpdi-fpdf": "Use this package to automatically evaluate dependencies to FPDF.",
                "setasign/fpdi-tcpdf": "Use this package to automatically evaluate dependencies to TCPDF."
            },
            "type": "library",
            "autoload": {
                "classmap": [
                    "filters/",
                    "fpdi.php",
                    "fpdf_tpl.php",
                    "fpdi_pdf_parser.php",
                    "pdf_context.php"
                ]
            },
            "notification-url": "https://packagist.org/downloads/",
            "license": [
                "MIT"
            ],
            "authors": [
                {
                    "name": "Jan Slabon",
                    "email": "jan.slabon@setasign.com",
                    "homepage": "https://www.setasign.com"
                }
            ],
            "description": "FPDI is a collection of PHP classes facilitating developers to read pages from existing PDF documents and use them as templates in FPDF. Because it is also possible to use FPDI with TCPDF, there are no fixed dependencies defined. Please see suggestions for packages which evaluates the dependencies automatically.",
            "homepage": "https://www.setasign.com/fpdi",
            "keywords": [
                "fpdf",
                "fpdi",
                "pdf"
            ],
            "time": "2017-05-11T14:25:49+00:00"
        },
        {
            "name": "verot/class.upload.php",
            "version": "dev-master",
            "source": {
                "type": "git",
                "url": "https://github.com/verot/class.upload.php.git",
                "reference": "28de54ee2ba5a30609eae26d76a15979a94568f1"
            },
            "dist": {
                "type": "zip",
                "url": "https://api.github.com/repos/verot/class.upload.php/zipball/28de54ee2ba5a30609eae26d76a15979a94568f1",
                "reference": "28de54ee2ba5a30609eae26d76a15979a94568f1",
                "shasum": ""
            },
            "require": {
                "php": ">=4"
            },
            "type": "library",
            "autoload": {
                "classmap": [
                    "src/class.upload.php"
                ]
            },
            "notification-url": "https://packagist.org/downloads/",
            "license": [
                "GPL-2.0-only"
            ],
            "authors": [
                {
                    "name": "Colin Verot",
                    "email": "colin@verot.net"
                }
            ],
            "description": "This PHP class uploads files and manipulates images very easily.",
            "homepage": "http://www.verot.net/php_class_upload.htm",
            "keywords": [
                "gd",
                "upload"
            ],
            "time": "2019-04-03 12:45:51"
        }
    ],
    "packages-dev": [],
    "aliases": [],
    "minimum-stability": "stable",
    "stability-flags": {
        "verot/class.upload.php": 20,
        "onokumus/metismenu": 20
    },
    "prefer-stable": false,
    "prefer-lowest": false,
    "platform": {
        "php": ">=5.5.0"
    },
    "platform-dev": []
}
